
Microsoft Visual Studio Solution File, Format Version 12.00
# Visual Studio Version 16
VisualStudioVersion = 16.0.30907.101
MinimumVisualStudioVersion = 10.0.40219.1
Project("{9A19103F-16F7-4668-BE54-9A1E7A4F7556}") = "DataAccess", "DataAccess\DataAccess.csproj", "{944F6CD4-5311-4B25-84A8-27A238D4E976}"
EndProject
Project("{9A19103F-16F7-4668-BE54-9A1E7A4F7556}") = "Business", "Business\Business.csproj", "{D40B1A61-F738-48B8-81AD-51CC917D8310}"
EndProject
Project("{9A19103F-16F7-4668-BE54-9A1E7A4F7556}") = "Entities", "Entities\Entities.csproj", "{4DF45884-E3C5-4070-A26D-DE551EA92E2B}"
EndProject
Project("{9A19103F-16F7-4668-BE54-9A1E7A4F7556}") = "ConsoleUI", "ConsoleUI\ConsoleUI.csproj", "{D9631CDE-876E-444D-8441-D2640C09AB0D}"
EndProject
Project("{FAE04EC0-301F-11D3-BF4B-00C04F79EFBC}") = "Sql", "Sql\Sql.csproj", "{5F721B69-0E59-478E-A8FA-F71CFAAC62E9}"
EndProject
Global
	GlobalSection(SolutionConfigurationPlatforms) = preSolution
		Debug|Any CPU = Debug|Any CPU
		Release|Any CPU = Release|Any CPU
	EndGlobalSection
	GlobalSection(ProjectConfigurationPlatforms) = postSolution
		{944F6CD4-5311-4B25-84A8-27A238D4E976}.Debug|Any CPU.ActiveCfg = Debug|Any CPU
		{944F6CD4-5311-4B25-84A8-27A238D4E976}.Debug|Any CPU.Build.0 = Debug|Any CPU
		{944F6CD4-5311-4B25-84A8-27A238D4E976}.Release|Any CPU.ActiveCfg = Release|Any CPU
		{944F6CD4-5311-4B25-84A8-27A238D4E976}.Release|Any CPU.Build.0 = Release|Any CPU
		{D40B1A61-F738-48B8-81AD-51CC917D8310}.Debug|Any CPU.ActiveCfg = Debug|Any CPU
		{D40B1A61-F738-48B8-81AD-51CC917D8310}.Debug|Any CPU.Build.0 = Debug|Any CPU
		{D40B1A61-F738-48B8-81AD-51CC917D8310}.Release|Any CPU.ActiveCfg = Release|Any CPU
		{D40B1A61-F738-48B8-81AD-51CC917D8310}.Release|Any CPU.Build.0 = Release|Any CPU
		{4DF45884-E3C5-4070-A26D-DE551EA92E2B}.Debug|Any CPU.ActiveCfg = Debug|Any CPU
		{4DF45884-E3C5-4070-A26D-DE551EA92E2B}.Debug|Any CPU.Build.0 = Debug|Any CPU
		{4DF45884-E3C5-4070-A26D-DE551EA92E2B}.Release|Any CPU.ActiveCfg = Release|Any CPU
		{4DF45884-E3C5-4070-A26D-DE551EA92E2B}.Release|Any CPU.Build.0 = Release|Any CPU
		{D9631CDE-876E-444D-8441-D2640C09AB0D}.Debug|Any CPU.ActiveCfg = Debug|Any CPU
		{D9631CDE-876E-444D-8441-D2640C09AB0D}.Debug|Any CPU.Build.0 = Debug|Any CPU
		{D9631CDE-876E-444D-8441-D2640C09AB0D}.Release|Any CPU.ActiveCfg = Release|Any CPU
		{D9631CDE-876E-444D-8441-D2640C09AB0D}.Release|Any CPU.Build.0 = Release|Any CPU
		{5F721B69-0E59-478E-A8FA-F71CFAAC62E9}.Debug|Any CPU.ActiveCfg = Debug|Any CPU
		{5F721B69-0E59-478E-A8FA-F71CFAAC62E9}.Debug|Any CPU.Build.0 = Debug|Any CPU
		{5F721B69-0E59-478E-A8FA-F71CFAAC62E9}.Release|Any CPU.ActiveCfg = Release|Any CPU
		{5F721B69-0E59-478E-A8FA-F71CFAAC62E9}.Release|Any CPU.Build.0 = Release|Any CPU
	EndGlobalSection
	GlobalSection(SolutionProperties) = preSolution
		HideSolutionNode = FALSE
	EndGlobalSection
	GlobalSection(ExtensibilityGlobals) = postSolution
		SolutionGuid = {F86848F9-9F98-41A7-A986-7700E1207A37}
	EndGlobalSection
EndGlobal
